
Microsoft Visual Studio Solution File, Format Version 12.00
# Visual Studio Version 17
VisualStudioVersion = 17.2.32526.322
MinimumVisualStudioVersion = 10.0.40219.1
Project("{FAE04EC0-301F-11D3-BF4B-00C04F79EFBC}") = "WPFDemoUI", "WPFDemoUI\WPFDemoUI.csproj", "{31381DF4-DE6B-4645-BFD3-CCDD2D478D3C}"
EndProject
Project("{FAE04EC0-301F-11D3-BF4B-00C04F79EFBC}") = "DemoLibrary", "DemoLibrary\DemoLibrary.csproj", "{AD2C299C-0242-4E37-A635-3F9D3C293486}"
EndProject
Project("{2150E333-8FDC-42A3-9474-1A3956D46DE8}") = "Solution Items", "Solution Items", "{777F51D1-9B00-48B5-97A6-F2088F63ACF2}"
	ProjectSection(SolutionItems) = preProject
		packages\Caliburn.Micro.3.2.0\Caliburn.Micro.3.2.0.nupkg = packages\Caliburn.Micro.3.2.0\Caliburn.Micro.3.2.0.nupkg
	EndProjectSection
EndProject
Global
	GlobalSection(SolutionConfigurationPlatforms) = preSolution
		Debug|Any CPU = Debug|Any CPU
		Release|Any CPU = Release|Any CPU
	EndGlobalSection
	GlobalSection(ProjectConfigurationPlatforms) = postSolution
		{31381DF4-DE6B-4645-BFD3-CCDD2D478D3C}.Debug|Any CPU.ActiveCfg = Debug|Any CPU
		{31381DF4-DE6B-4645-BFD3-CCDD2D478D3C}.Debug|Any CPU.Build.0 = Debug|Any CPU
		{31381DF4-DE6B-4645-BFD3-CCDD2D478D3C}.Release|Any CPU.ActiveCfg = Release|Any CPU
		{31381DF4-DE6B-4645-BFD3-CCDD2D478D3C}.Release|Any CPU.Build.0 = Release|Any CPU
		{AD2C299C-0242-4E37-A635-3F9D3C293486}.Debug|Any CPU.ActiveCfg = Debug|Any CPU
		{AD2C299C-0242-4E37-A635-3F9D3C293486}.Debug|Any CPU.Build.0 = Debug|Any CPU
		{AD2C299C-0242-4E37-A635-3F9D3C293486}.Release|Any CPU.ActiveCfg = Release|Any CPU
		{AD2C299C-0242-4E37-A635-3F9D3C293486}.Release|Any CPU.Build.0 = Release|Any CPU
	EndGlobalSection
	GlobalSection(SolutionProperties) = preSolution
		HideSolutionNode = FALSE
	EndGlobalSection
	GlobalSection(ExtensibilityGlobals) = postSolution
		SolutionGuid = {B29B4D15-DF7C-487C-82BE-1EEBCF63AF3A}
	EndGlobalSection
EndGlobal
